
Microsoft Visual Studio Solution File, Format Version 12.00
# Visual Studio Version 16
VisualStudioVersion = 16.0.31105.61
MinimumVisualStudioVersion = 10.0.40219.1
Project("{FAE04EC0-301F-11D3-BF4B-00C04F79EFBC}") = "SnackisWebAPI", "SnackisWebAPI\SnackisWebAPI.csproj", "{892912D7-AFA7-4DE4-AEEC-FB6DEA98FB5B}"
EndProject
Global
	GlobalSection(SolutionConfigurationPlatforms) = preSolution
		Debug|Any CPU = Debug|Any CPU
		Release|Any CPU = Release|Any CPU
	EndGlobalSection
	GlobalSection(ProjectConfigurationPlatforms) = postSolution
		{892912D7-AFA7-4DE4-AEEC-FB6DEA98FB5B}.Debug|Any CPU.ActiveCfg = Debug|Any CPU
		{892912D7-AFA7-4DE4-AEEC-FB6DEA98FB5B}.Debug|Any CPU.Build.0 = Debug|Any CPU
		{892912D7-AFA7-4DE4-AEEC-FB6DEA98FB5B}.Release|Any CPU.ActiveCfg = Release|Any CPU
		{892912D7-AFA7-4DE4-AEEC-FB6DEA98FB5B}.Release|Any CPU.Build.0 = Release|Any CPU
	EndGlobalSection
	GlobalSection(SolutionProperties) = preSolution
		HideSolutionNode = FALSE
	EndGlobalSection
	GlobalSection(ExtensibilityGlobals) = postSolution
		SolutionGuid = {377EFFC2-D088-497F-ABDB-61192FA34089}
	EndGlobalSection
EndGlobal
